// !$*UTF8*$!
{
	archiveVersion = 1;
	classes = {
	};
	objectVersion = 55;
	objects = {

/* Begin PBXBuildFile section */
		99D5372C28BAFE2D0056C4B6 /* AppDelegate.swift in Sources */ = {isa = PBXBuildFile; fileRef = 99D5372B28BAFE2D0056C4B6 /* AppDelegate.swift */; };
		99D5372E28BAFE2D0056C4B6 /* SceneDelegate.swift in Sources */ = {isa = PBXBuildFile; fileRef = 99D5372D28BAFE2D0056C4B6 /* SceneDelegate.swift */; };
		99D5373028BAFE2D0056C4B6 /* ViewController.swift in Sources */ = {isa = PBXBuildFile; fileRef = 99D5372F28BAFE2D0056C4B6 /* ViewController.swift */; };
		99D5373328BAFE2D0056C4B6 /* Main.storyboard in Resources */ = {isa = PBXBuildFile; fileRef = 99D5373128BAFE2D0056C4B6 /* Main.storyboard */; };
		99D5373528BAFE2F0056C4B6 /* Assets.xcassets in Resources */ = {isa = PBXBuildFile; fileRef = 99D5373428BAFE2F0056C4B6 /* Assets.xcassets */; };
		99D5373828BAFE2F0056C4B6 /* LaunchScreen.storyboard in Resources */ = {isa = PBXBuildFile; fileRef = 99D5373628BAFE2F0056C4B6 /* LaunchScreen.storyboard */; };
		99D5374328BAFE2F0056C4B6 /* PreworkTests.swift in Sources */ = {isa = PBXBuildFile; fileRef = 99D5374228BAFE2F0056C4B6 /* PreworkTests.swift */; };
		99D5374D28BAFE2F0056C4B6 /* PreworkUITests.swift in Sources */ = {isa = PBXBuildFile; fileRef = 99D5374C28BAFE2F0056C4B6 /* PreworkUITests.swift */; };
		99D5374F28BAFE2F0056C4B6 /* PreworkUITestsLaunchTests.swift in Sources */ = {isa = PBXBuildFile; fileRef = 99D5374E28BAFE2F0056C4B6 /* PreworkUITestsLaunchTests.swift */; };
/* End PBXBuildFile section */

/* Begin PBXContainerItemProxy section */
		99D5373F28BAFE2F0056C4B6 /* PBXContainerItemProxy */ = {
			isa = PBXContainerItemProxy;
			containerPortal = 99D5372028BAFE2D0056C4B6 /* Project object */;
			proxyType = 1;
			remoteGlobalIDString = 99D5372728BAFE2D0056C4B6;
			remoteInfo = Prework;
		};
		99D5374928BAFE2F0056C4B6 /* PBXContainerItemProxy */ = {
			isa = PBXContainerItemProxy;
			containerPortal = 99D5372028BAFE2D0056C4B6 /* Project object */;
			proxyType = 1;
			remoteGlobalIDString = 99D5372728BAFE2D0056C4B6;
			remoteInfo = Prework;
		};
/* End PBXContainerItemProxy section */

/* Begin PBXFileReference section */
		99D5372828BAFE2D0056C4B6 /* Prework.app */ = {isa = PBXFileReference; explicitFileType = wrapper.application; includeInIndex = 0; path = Prework.app; sourceTree = BUILT_PRODUCTS_DIR; };
		99D5372B28BAFE2D0056C4B6 /* AppDelegate.swift */ = {isa = PBXFileReference; lastKnownFileType = sourcecode.swift; path = AppDelegate.swift; sourceTree = "<group>"; };
		99D5372D28BAFE2D0056C4B6 /* SceneDelegate.swift */ = {isa = PBXFileReference; lastKnownFileType = sourcecode.swift; path = SceneDelegate.swift; sourceTree = "<group>"; };
		99D5372F28BAFE2D0056C4B6 /* ViewController.swift */ = {isa = PBXFileReference; lastKnownFileType = sourcecode.swift; path = ViewController.swift; sourceTree = "<group>"; };
		99D5373228BAFE2D0056C4B6 /* Base */ = {isa = PBXFileReference; lastKnownFileType = file.storyboard; name = Base; path = Base.lproj/Main.storyboard; sourceTree = "<group>"; };
		99D5373428BAFE2F0056C4B6 /* Assets.xcassets */ = {isa = PBXFileReference; lastKnownFileType = folder.assetcatalog; path = Assets.xcassets; sourceTree = "<group>"; };
		99D5373728BAFE2F0056C4B6 /* Base */ = {isa = PBXFileReference; lastKnownFileType = file.storyboard; name = Base; path = Base.lproj/LaunchScreen.storyboard; sourceTree = "<group>"; };
		99D5373928BAFE2F0056C4B6 /* Info.plist */ = {isa = PBXFileReference; lastKnownFileType = text.plist.xml; path = Info.plist; sourceTree = "<group>"; };
		99D5373E28BAFE2F0056C4B6 /* PreworkTests.xctest */ = {isa = PBXFileReference; explicitFileType = wrapper.cfbundle; includeInIndex = 0; path = PreworkTests.xctest; sourceTree = BUILT_PRODUCTS_DIR; };
		99D5374228BAFE2F0056C4B6 /* PreworkTests.swift */ = {isa = PBXFileReference; lastKnownFileType = sourcecode.swift; path = PreworkTests.swift; sourceTree = "<group>"; };
		99D5374828BAFE2F0056C4B6 /* PreworkUITests.xctest */ = {isa = PBXFileReference; explicitFileType = wrapper.cfbundle; includeInIndex = 0; path = PreworkUITests.xctest; sourceTree = BUILT_PRODUCTS_DIR; };
		99D5374C28BAFE2F0056C4B6 /* PreworkUITests.swift */ = {isa = PBXFileReference; lastKnownFileType = sourcecode.swift; path = PreworkUITests.swift; sourceTree = "<group>"; };
		99D5374E28BAFE2F0056C4B6 /* PreworkUITestsLaunchTests.swift */ = {isa = PBXFileReference; lastKnownFileType = sourcecode.swift; path = PreworkUITestsLaunchTests.swift; sourceTree = "<group>"; };
/* End PBXFileReference section */

/* Begin PBXFrameworksBuildPhase section */
		99D5372528BAFE2D0056C4B6 /* Frameworks */ = {
			isa = PBXFrameworksBuildPhase;
			buildActionMask = 2147483647;
			files = (
			);
			runOnlyForDeploymentPostprocessing = 0;
		};
		99D5373B28BAFE2F0056C4B6 /* Frameworks */ = {
			isa = PBXFrameworksBuildPhase;
			buildActionMask = 2147483647;
			files = (
			);
			runOnlyForDeploymentPostprocessing = 0;
		};
		99D5374528BAFE2F0056C4B6 /* Frameworks */ = {
			isa = PBXFrameworksBuildPhase;
			buildActionMask = 2147483647;
			files = (
			);
			runOnlyForDeploymentPostprocessing = 0;
		};
/* End PBXFrameworksBuildPhase section */

/* Begin PBXGroup section */
		99D5371F28BAFE2D0056C4B6 = {
			isa = PBXGroup;
			children = (
				99D5372A28BAFE2D0056C4B6 /* Prework */,
				99D5374128BAFE2F0056C4B6 /* PreworkTests */,
				99D5374B28BAFE2F0056C4B6 /* PreworkUITests */,
				99D5372928BAFE2D0056C4B6 /* Products */,
			);
			sourceTree = "<group>";
		};
		99D5372928BAFE2D0056C4B6 /* Products */ = {
			isa = PBXGroup;
			children = (
				99D5372828BAFE2D0056C4B6 /* Prework.app */,
				99D5373E28BAFE2F0056C4B6 /* PreworkTests.xctest */,
				99D5374828BAFE2F0056C4B6 /* PreworkUITests.xctest */,
			);
			name = Products;
			sourceTree = "<group>";
		};
		99D5372A28BAFE2D0056C4B6 /* Prework */ = {
			isa = PBXGroup;
			children = (
				99D5372B28BAFE2D0056C4B6 /* AppDelegate.swift */,
				99D5372D28BAFE2D0056C4B6 /* SceneDelegate.swift */,
				99D5372F28BAFE2D0056C4B6 /* ViewController.swift */,
				99D5373128BAFE2D0056C4B6 /* Main.storyboard */,
				99D5373428BAFE2F0056C4B6 /* Assets.xcassets */,
				99D5373628BAFE2F0056C4B6 /* LaunchScreen.storyboard */,
				99D5373928BAFE2F0056C4B6 /* Info.plist */,
			);
			path = Prework;
			sourceTree = "<group>";
		};
		99D5374128BAFE2F0056C4B6 /* PreworkTests */ = {
			isa = PBXGroup;
			children = (
				99D5374228BAFE2F0056C4B6 /* PreworkTests.swift */,
			);
			path = PreworkTests;
			sourceTree = "<group>";
		};
		99D5374B28BAFE2F0056C4B6 /* PreworkUITests */ = {
			isa = PBXGroup;
			children = (
				99D5374C28BAFE2F0056C4B6 /* PreworkUITests.swift */,
				99D5374E28BAFE2F0056C4B6 /* PreworkUITestsLaunchTests.swift */,
			);
			path = PreworkUITests;
			sourceTree = "<group>";
		};
/* End PBXGroup section */

/* Begin PBXNativeTarget section */
		99D5372728BAFE2D0056C4B6 /* Prework */ = {
			isa = PBXNativeTarget;
			buildConfigurationList = 99D5375228BAFE2F0056C4B6 /* Build configuration list for PBXNativeTarget "Prework" */;
			buildPhases = (
				99D5372428BAFE2D0056C4B6 /* Sources */,
				99D5372528BAFE2D0056C4B6 /* Frameworks */,
				99D5372628BAFE2D0056C4B6 /* Resources */,
			);
			buildRules = (
			);
			dependencies = (
			);
			name = Prework;
			productName = Prework;
			productReference = 99D5372828BAFE2D0056C4B6 /* Prework.app */;
			productType = "com.apple.product-type.application";
		};
		99D5373D28BAFE2F0056C4B6 /* PreworkTests */ = {
			isa = PBXNativeTarget;
			buildConfigurationList = 99D5375528BAFE2F0056C4B6 /* Build configuration list for PBXNativeTarget "PreworkTests" */;
			buildPhases = (
				99D5373A28BAFE2F0056C4B6 /* Sources */,
				99D5373B28BAFE2F0056C4B6 /* Frameworks */,
				99D5373C28BAFE2F0056C4B6 /* Resources */,
			);
			buildRules = (
			);
			dependencies = (
				99D5374028BAFE2F0056C4B6 /* PBXTargetDependency */,
			);
			name = PreworkTests;
			productName = PreworkTests;
			productReference = 99D5373E28BAFE2F0056C4B6 /* PreworkTests.xctest */;
			productType = "com.apple.product-type.bundle.unit-test";
		};
		99D5374728BAFE2F0056C4B6 /* PreworkUITests */ = {
			isa = PBXNativeTarget;
			buildConfigurationList = 99D5375828BAFE2F0056C4B6 /* Build configuration list for PBXNativeTarget "PreworkUITests" */;
			buildPhases = (
				99D5374428BAFE2F0056C4B6 /* Sources */,
				99D5374528BAFE2F0056C4B6 /* Frameworks */,
				99D5374628BAFE2F0056C4B6 /* Resources */,
			);
			buildRules = (
			);
			dependencies = (
				99D5374A28BAFE2F0056C4B6 /* PBXTargetDependency */,
			);
			name = PreworkUITests;
			productName = PreworkUITests;
			productReference = 99D5374828BAFE2F0056C4B6 /* PreworkUITests.xctest */;
			productType = "com.apple.product-type.bundle.ui-testing";
		};
/* End PBXNativeTarget section */

/* Begin PBXProject section */
		99D5372028BAFE2D0056C4B6 /* Project object */ = {
			isa = PBXProject;
			attributes = {
				BuildIndependentTargetsInParallel = 1;
				LastSwiftUpdateCheck = 1340;
				LastUpgradeCheck = 1340;
				TargetAttributes = {
					99D5372728BAFE2D0056C4B6 = {
						CreatedOnToolsVersion = 13.4.1;
					};
					99D5373D28BAFE2F0056C4B6 = {
						CreatedOnToolsVersion = 13.4.1;
						TestTargetID = 99D5372728BAFE2D0056C4B6;
					};
					99D5374728BAFE2F0056C4B6 = {
						CreatedOnToolsVersion = 13.4.1;
						TestTargetID = 99D5372728BAFE2D0056C4B6;
					};
				};
			};
			buildConfigurationList = 99D5372328BAFE2D0056C4B6 /* Build configuration list for PBXProject "Prework" */;
			compatibilityVersion = "Xcode 13.0";
			developmentRegion = en;
			hasScannedForEncodings = 0;
			knownRegions = (
				en,
				Base,
			);
			mainGroup = 99D5371F28BAFE2D0056C4B6;
			productRefGroup = 99D5372928BAFE2D0056C4B6 /* Products */;
			projectDirPath = "";
			projectRoot = "";
			targets = (
				99D5372728BAFE2D0056C4B6 /* Prework */,
				99D5373D28BAFE2F0056C4B6 /* PreworkTests */,
				99D5374728BAFE2F0056C4B6 /* PreworkUITests */,
			);
		};
/* End PBXProject section */

/* Begin PBXResourcesBuildPhase section */
		99D5372628BAFE2D0056C4B6 /* Resources */ = {
			isa = PBXResourcesBuildPhase;
			buildActionMask = 2147483647;
			files = (
				99D5373828BAFE2F0056C4B6 /* LaunchScreen.storyboard in Resources */,
				99D5373528BAFE2F0056C4B6 /* Assets.xcassets in Resources */,
				99D5373328BAFE2D0056C4B6 /* Main.storyboard in Resources */,
			);
			runOnlyForDeploymentPostprocessing = 0;
		};
		99D5373C28BAFE2F0056C4B6 /* Resources */ = {
			isa = PBXResourcesBuildPhase;
			buildActionMask = 2147483647;
			files = (
			);
			runOnlyForDeploymentPostprocessing = 0;
		};
		99D5374628BAFE2F0056C4B6 /* Resources */ = {
			isa = PBXResourcesBuildPhase;
			buildActionMask = 2147483647;
			files = (
			);
			runOnlyForDeploymentPostprocessing = 0;
		};
/* End PBXResourcesBuildPhase section */

/* Begin PBXSourcesBuildPhase section */
		99D5372428BAFE2D0056C4B6 /* Sources */ = {
			isa = PBXSourcesBuildPhase;
			buildActionMask = 2147483647;
			files = (
				99D5373028BAFE2D0056C4B6 /* ViewController.swift in Sources */,
				99D5372C28BAFE2D0056C4B6 /* AppDelegate.swift in Sources */,
				99D5372E28BAFE2D0056C4B6 /* SceneDelegate.swift in Sources */,
			);
			runOnlyForDeploymentPostprocessing = 0;
		};
		99D5373A28BAFE2F0056C4B6 /* Sources */ = {
			isa = PBXSourcesBuildPhase;
			buildActionMask = 2147483647;
			files = (
				99D5374328BAFE2F0056C4B6 /* PreworkTests.swift in Sources */,
			);
			runOnlyForDeploymentPostprocessing = 0;
		};
		99D5374428BAFE2F0056C4B6 /* Sources */ = {
			isa = PBXSourcesBuildPhase;
			buildActionMask = 2147483647;
			files = (
				99D5374D28BAFE2F0056C4B6 /* PreworkUITests.swift in Sources */,
				99D5374F28BAFE2F0056C4B6 /* PreworkUITestsLaunchTests.swift in Sources */,
			);
			runOnlyForDeploymentPostprocessing = 0;
		};
/* End PBXSourcesBuildPhase section */

/* Begin PBXTargetDependency section */
		99D5374028BAFE2F0056C4B6 /* PBXTargetDependency */ = {
			isa = PBXTargetDependency;
			target = 99D5372728BAFE2D0056C4B6 /* Prework */;
			targetProxy = 99D5373F28BAFE2F0056C4B6 /* PBXContainerItemProxy */;
		};
		99D5374A28BAFE2F0056C4B6 /* PBXTargetDependency */ = {
			isa = PBXTargetDependency;
			target = 99D5372728BAFE2D0056C4B6 /* Prework */;
			targetProxy = 99D5374928BAFE2F0056C4B6 /* PBXContainerItemProxy */;
		};
/* End PBXTargetDependency section */

/* Begin PBXVariantGroup section */
		99D5373128BAFE2D0056C4B6 /* Main.storyboard */ = {
			isa = PBXVariantGroup;
			children = (
				99D5373228BAFE2D0056C4B6 /* Base */,
			);
			name = Main.storyboard;
			sourceTree = "<group>";
		};
		99D5373628BAFE2F0056C4B6 /* LaunchScreen.storyboard */ = {
			isa = PBXVariantGroup;
			children = (
				99D5373728BAFE2F0056C4B6 /* Base */,
			);
			name = LaunchScreen.storyboard;
			sourceTree = "<group>";
		};
/* End PBXVariantGroup section */

/* Begin XCBuildConfiguration section */
		99D5375028BAFE2F0056C4B6 /* Debug */ = {
			isa = XCBuildConfiguration;
			buildSettings = {
				ALWAYS_SEARCH_USER_PATHS = NO;
				CLANG_ANALYZER_NONNULL = YES;
				CLANG_ANALYZER_NUMBER_OBJECT_CONVERSION = YES_AGGRESSIVE;
				CLANG_CXX_LANGUAGE_STANDARD = "gnu++17";
				CLANG_ENABLE_MODULES = YES;
				CLANG_ENABLE_OBJC_ARC = YES;
				CLANG_ENABLE_OBJC_WEAK = YES;
				CLANG_WARN_BLOCK_CAPTURE_AUTORELEASING = YES;
				CLANG_WARN_BOOL_CONVERSION = YES;
				CLANG_WARN_COMMA = YES;
				CLANG_WARN_CONSTANT_CONVERSION = YES;
				CLANG_WARN_DEPRECATED_OBJC_IMPLEMENTATIONS = YES;
				CLANG_WARN_DIRECT_OBJC_ISA_USAGE = YES_ERROR;
				CLANG_WARN_DOCUMENTATION_COMMENTS = YES;
				CLANG_WARN_EMPTY_BODY = YES;
				CLANG_WARN_ENUM_CONVERSION = YES;
				CLANG_WARN_INFINITE_RECURSION = YES;
				CLANG_WARN_INT_CONVERSION = YES;
				CLANG_WARN_NON_LITERAL_NULL_CONVERSION = YES;
				CLANG_WARN_OBJC_IMPLICIT_RETAIN_SELF = YES;
				CLANG_WARN_OBJC_LITERAL_CONVERSION = YES;
				CLANG_WARN_OBJC_ROOT_CLASS = YES_ERROR;
				CLANG_WARN_QUOTED_INCLUDE_IN_FRAMEWORK_HEADER = YES;
				CLANG_WARN_RANGE_LOOP_ANALYSIS = YES;
				CLANG_WARN_STRICT_PROTOTYPES = YES;
				CLANG_WARN_SUSPICIOUS_MOVE = YES;
				CLANG_WARN_UNGUARDED_AVAILABILITY = YES_AGGRESSIVE;
				CLANG_WARN_UNREACHABLE_CODE = YES;
				CLANG_WARN__DUPLICATE_METHOD_MATCH = YES;
				COPY_PHASE_STRIP = NO;
				DEBUG_INFORMATION_FORMAT = dwarf;
				ENABLE_STRICT_OBJC_MSGSEND = YES;
				ENABLE_TESTABILITY = YES;
				GCC_C_LANGUAGE_STANDARD = gnu11;
				GCC_DYNAMIC_NO_PIC = NO;
				GCC_NO_COMMON_BLOCKS = YES;
				GCC_OPTIMIZATION_LEVEL = 0;
				GCC_PREPROCESSOR_DEFINITIONS = (
					"DEBUG=1",
					"$(inherited)",
				);
				GCC_WARN_64_TO_32_BIT_CONVERSION = YES;
				GCC_WARN_ABOUT_RETURN_TYPE = YES_ERROR;
				GCC_WARN_UNDECLARED_SELECTOR = YES;
				GCC_WARN_UNINITIALIZED_AUTOS = YES_AGGRESSIVE;
				GCC_WARN_UNUSED_FUNCTION = YES;
				GCC_WARN_UNUSED_VARIABLE = YES;
				IPHONEOS_DEPLOYMENT_TARGET = 15.5;
				MTL_ENABLE_DEBUG_INFO = INCLUDE_SOURCE;
				MTL_FAST_MATH = YES;
				ONLY_ACTIVE_ARCH = YES;
				SDKROOT = iphoneos;
				SWIFT_ACTIVE_COMPILATION_CONDITIONS = DEBUG;
				SWIFT_OPTIMIZATION_LEVEL = "-Onone";
			};
			name = Debug;
		};
		99D5375128BAFE2F0056C4B6 /* Release */ = {
			isa = XCBuildConfiguration;
			buildSettings = {
				ALWAYS_SEARCH_USER_PATHS = NO;
				CLANG_ANALYZER_NONNULL = YES;
				CLANG_ANALYZER_NUMBER_OBJECT_CONVERSION = YES_AGGRESSIVE;
				CLANG_CXX_LANGUAGE_STANDARD = "gnu++17";
				CLANG_ENABLE_MODULES = YES;
				CLANG_ENABLE_OBJC_ARC = YES;
				CLANG_ENABLE_OBJC_WEAK = YES;
				CLANG_WARN_BLOCK_CAPTURE_AUTORELEASING = YES;
				CLANG_WARN_BOOL_CONVERSION = YES;
				CLANG_WARN_COMMA = YES;
				CLANG_WARN_CONSTANT_CONVERSION = YES;
				CLANG_WARN_DEPRECATED_OBJC_IMPLEMENTATIONS = YES;
				CLANG_WARN_DIRECT_OBJC_ISA_USAGE = YES_ERROR;
				CLANG_WARN_DOCUMENTATION_COMMENTS = YES;
				CLANG_WARN_EMPTY_BODY = YES;
				CLANG_WARN_ENUM_CONVERSION = YES;
				CLANG_WARN_INFINITE_RECURSION = YES;
				CLANG_WARN_INT_CONVERSION = YES;
				CLANG_WARN_NON_LITERAL_NULL_CONVERSION = YES;
				CLANG_WARN_OBJC_IMPLICIT_RETAIN_SELF = YES;
				CLANG_WARN_OBJC_LITERAL_CONVERSION = YES;
				CLANG_WARN_OBJC_ROOT_CLASS = YES_ERROR;
				CLANG_WARN_QUOTED_INCLUDE_IN_FRAMEWORK_HEADER = YES;
				CLANG_WARN_RANGE_LOOP_ANALYSIS = YES;
				CLANG_WARN_STRICT_PROTOTYPES = YES;
				CLANG_WARN_SUSPICIOUS_MOVE = YES;
				CLANG_WARN_UNGUARDED_AVAILABILITY = YES_AGGRESSIVE;
				CLANG_WARN_UNREACHABLE_CODE = YES;
				CLANG_WARN__DUPLICATE_METHOD_MATCH = YES;
				COPY_PHASE_STRIP = NO;
				DEBUG_INFORMATION_FORMAT = "dwarf-with-dsym";
				ENABLE_NS_ASSERTIONS = NO;
				ENABLE_STRICT_OBJC_MSGSEND = YES;
				GCC_C_LANGUAGE_STANDARD = gnu11;
				GCC_NO_COMMON_BLOCKS = YES;
				GCC_WARN_64_TO_32_BIT_CONVERSION = YES;
				GCC_WARN_ABOUT_RETURN_TYPE = YES_ERROR;
				GCC_WARN_UNDECLARED_SELECTOR = YES;
				GCC_WARN_UNINITIALIZED_AUTOS = YES_AGGRESSIVE;
				GCC_WARN_UNUSED_FUNCTION = YES;
				GCC_WARN_UNUSED_VARIABLE = YES;
				IPHONEOS_DEPLOYMENT_TARGET = 15.5;
				MTL_ENABLE_DEBUG_INFO = NO;
				MTL_FAST_MATH = YES;
				SDKROOT = iphoneos;
				SWIFT_COMPILATION_MODE = wholemodule;
				SWIFT_OPTIMIZATION_LEVEL = "-O";
				VALIDATE_PRODUCT = YES;
			};
			name = Release;
		};
		99D5375328BAFE2F0056C4B6 /* Debug */ = {
			isa = XCBuildConfiguration;
			buildSettings = {
				ASSETCATALOG_COMPILER_APPICON_NAME = AppIcon;
				ASSETCATALOG_COMPILER_GLOBAL_ACCENT_COLOR_NAME = AccentColor;
				CODE_SIGN_STYLE = Automatic;
				CURRENT_PROJECT_VERSION = 1;
				GENERATE_INFOPLIST_FILE = YES;
				INFOPLIST_FILE = Prework/Info.plist;
				INFOPLIST_KEY_UIApplicationSupportsIndirectInputEvents = YES;
				INFOPLIST_KEY_UILaunchStoryboardName = LaunchScreen;
				INFOPLIST_KEY_UIMainStoryboardFile = Main;
				INFOPLIST_KEY_UISupportedInterfaceOrientations_iPad = "UIInterfaceOrientationPortrait UIInterfaceOrientationPortraitUpsideDown UIInterfaceOrientationLandscapeLeft UIInterfaceOrientationLandscapeRight";
				INFOPLIST_KEY_UISupportedInterfaceOrientations_iPhone = "UIInterfaceOrientationPortrait UIInterfaceOrientationLandscapeLeft UIInterfaceOrientationLandscapeRight";
				LD_RUNPATH_SEARCH_PATHS = (
					"$(inherited)",
					"@executable_path/Frameworks",
				);
				MARKETING_VERSION = 1.0;
				PRODUCT_BUNDLE_IDENTIFIER = com.opcode.Prework;
				PRODUCT_NAME = "$(TARGET_NAME)";
				SWIFT_EMIT_LOC_STRINGS = YES;
				SWIFT_VERSION = 5.0;
				TARGETED_DEVICE_FAMILY = "1,2";
			};
			name = Debug;
		};
		99D5375428BAFE2F0056C4B6 /* Release */ = {
			isa = XCBuildConfiguration;
			buildSettings = {
				ASSETCATALOG_COMPILER_APPICON_NAME = AppIcon;
				ASSETCATALOG_COMPILER_GLOBAL_ACCENT_COLOR_NAME = AccentColor;
				CODE_SIGN_STYLE = Automatic;
				CURRENT_PROJECT_VERSION = 1;
				GENERATE_INFOPLIST_FILE = YES;
				INFOPLIST_FILE = Prework/Info.plist;
				INFOPLIST_KEY_UIApplicationSupportsIndirectInputEvents = YES;
				INFOPLIST_KEY_UILaunchStoryboardName = LaunchScreen;
				INFOPLIST_KEY_UIMainStoryboardFile = Main;
				INFOPLIST_KEY_UISupportedInterfaceOrientations_iPad = "UIInterfaceOrientationPortrait UIInterfaceOrientationPortraitUpsideDown UIInterfaceOrientationLandscapeLeft UIInterfaceOrientationLandscapeRight";
				INFOPLIST_KEY_UISupportedInterfaceOrientations_iPhone = "UIInterfaceOrientationPortrait UIInterfaceOrientationLandscapeLeft UIInterfaceOrientationLandscapeRight";
				LD_RUNPATH_SEARCH_PATHS = (
					"$(inherited)",
					"@executable_path/Frameworks",
				);
				MARKETING_VERSION = 1.0;
				PRODUCT_BUNDLE_IDENTIFIER = com.opcode.Prework;
				PRODUCT_NAME = "$(TARGET_NAME)";
				SWIFT_EMIT_LOC_STRINGS = YES;
				SWIFT_VERSION = 5.0;
				TARGETED_DEVICE_FAMILY = "1,2";
			};
			name = Release;
		};
		99D5375628BAFE2F0056C4B6 /* Debug */ = {
			isa = XCBuildConfiguration;
			buildSettings = {
				ALWAYS_EMBED_SWIFT_STANDARD_LIBRARIES = YES;
				BUNDLE_LOADER = "$(TEST_HOST)";
				CODE_SIGN_STYLE = Automatic;
				CURRENT_PROJECT_VERSION = 1;
				GENERATE_INFOPLIST_FILE = YES;
				IPHONEOS_DEPLOYMENT_TARGET = 15.5;
				MARKETING_VERSION = 1.0;
				PRODUCT_BUNDLE_IDENTIFIER = com.opcode.PreworkTests;
				PRODUCT_NAME = "$(TARGET_NAME)";
				SWIFT_EMIT_LOC_STRINGS = NO;
				SWIFT_VERSION = 5.0;
				TARGETED_DEVICE_FAMILY = "1,2";
				TEST_HOST = "$(BUILT_PRODUCTS_DIR)/Prework.app/Prework";
			};
			name = Debug;
		};
		99D5375728BAFE2F0056C4B6 /* Release */ = {
			isa = XCBuildConfiguration;
			buildSettings = {
				ALWAYS_EMBED_SWIFT_STANDARD_LIBRARIES = YES;
				BUNDLE_LOADER = "$(TEST_HOST)";
				CODE_SIGN_STYLE = Automatic;
				CURRENT_PROJECT_VERSION = 1;
				GENERATE_INFOPLIST_FILE = YES;
				IPHONEOS_DEPLOYMENT_TARGET = 15.5;
				MARKETING_VERSION = 1.0;
				PRODUCT_BUNDLE_IDENTIFIER = com.opcode.PreworkTests;
				PRODUCT_NAME = "$(TARGET_NAME)";
				SWIFT_EMIT_LOC_STRINGS = NO;
				SWIFT_VERSION = 5.0;
				TARGETED_DEVICE_FAMILY = "1,2";
				TEST_HOST = "$(BUILT_PRODUCTS_DIR)/Prework.app/Prework";
			};
			name = Release;
		};
		99D5375928BAFE2F0056C4B6 /* Debug */ = {
			isa = XCBuildConfiguration;
			buildSettings = {
				ALWAYS_EMBED_SWIFT_STANDARD_LIBRARIES = YES;
				CODE_SIGN_STYLE = Automatic;
				CURRENT_PROJECT_VERSION = 1;
				GENERATE_INFOPLIST_FILE = YES;
				MARKETING_VERSION = 1.0;
				PRODUCT_BUNDLE_IDENTIFIER = com.opcode.PreworkUITests;
				PRODUCT_NAME = "$(TARGET_NAME)";
				SWIFT_EMIT_LOC_STRINGS = NO;
				SWIFT_VERSION = 5.0;
				TARGETED_DEVICE_FAMILY = "1,2";
				TEST_TARGET_NAME = Prework;
			};
			name = Debug;
		};
		99D5375A28BAFE2F0056C4B6 /* Release */ = {
			isa = XCBuildConfiguration;
			buildSettings = {
				ALWAYS_EMBED_SWIFT_STANDARD_LIBRARIES = YES;
				CODE_SIGN_STYLE = Automatic;
				CURRENT_PROJECT_VERSION = 1;
				GENERATE_INFOPLIST_FILE = YES;
				MARKETING_VERSION = 1.0;
				PRODUCT_BUNDLE_IDENTIFIER = com.opcode.PreworkUITests;
				PRODUCT_NAME = "$(TARGET_NAME)";
				SWIFT_EMIT_LOC_STRINGS = NO;
				SWIFT_VERSION = 5.0;
				TARGETED_DEVICE_FAMILY = "1,2";
				TEST_TARGET_NAME = Prework;
			};
			name = Release;
		};
/* End XCBuildConfiguration section */

/* Begin XCConfigurationList section */
		99D5372328BAFE2D0056C4B6 /* Build configuration list for PBXProject "Prework" */ = {
			isa = XCConfigurationList;
			buildConfigurations = (
				99D5375028BAFE2F0056C4B6 /* Debug */,
				99D5375128BAFE2F0056C4B6 /* Release */,
			);
			defaultConfigurationIsVisible = 0;
			defaultConfigurationName = Release;
		};
		99D5375228BAFE2F0056C4B6 /* Build configuration list for PBXNativeTarget "Prework" */ = {
			isa = XCConfigurationList;
			buildConfigurations = (
				99D5375328BAFE2F0056C4B6 /* Debug */,
				99D5375428BAFE2F0056C4B6 /* Release */,
			);
			defaultConfigurationIsVisible = 0;
			defaultConfigurationName = Release;
		};
		99D5375528BAFE2F0056C4B6 /* Build configuration list for PBXNativeTarget "PreworkTests" */ = {
			isa = XCConfigurationList;
			buildConfigurations = (
				99D5375628BAFE2F0056C4B6 /* Debug */,
				99D5375728BAFE2F0056C4B6 /* Release */,
			);
			defaultConfigurationIsVisible = 0;
			defaultConfigurationName = Release;
		};
		99D5375828BAFE2F0056C4B6 /* Build configuration list for PBXNativeTarget "PreworkUITests" */ = {
			isa = XCConfigurationList;
			buildConfigurations = (
				99D5375928BAFE2F0056C4B6 /* Debug */,
				99D5375A28BAFE2F0056C4B6 /* Release */,
			);
			defaultConfigurationIsVisible = 0;
			defaultConfigurationName = Release;
		};
/* End XCConfigurationList section */
	};
	rootObject = 99D5372028BAFE2D0056C4B6 /* Project object */;
}
